// !$*UTF8*$!
{
	archiveVersion = 1;
	classes = {
	};
	objectVersion = 50;
	objects = {

/* Begin PBXBuildFile section */
		26819964229601DC00F1668A /* AppDelegate.swift in Sources */ = {isa = PBXBuildFile; fileRef = 26819963229601DC00F1668A /* AppDelegate.swift */; };
		26819969229601DC00F1668A /* Main.storyboard in Resources */ = {isa = PBXBuildFile; fileRef = 26819967229601DC00F1668A /* Main.storyboard */; };
		2681996B229601DD00F1668A /* Assets.xcassets in Resources */ = {isa = PBXBuildFile; fileRef = 2681996A229601DD00F1668A /* Assets.xcassets */; };
		2681996E229601DD00F1668A /* LaunchScreen.storyboard in Resources */ = {isa = PBXBuildFile; fileRef = 2681996C229601DD00F1668A /* LaunchScreen.storyboard */; };
		26819979229601DD00F1668A /* SmackTests.swift in Sources */ = {isa = PBXBuildFile; fileRef = 26819978229601DD00F1668A /* SmackTests.swift */; };
		26819984229601DD00F1668A /* SmackUITests.swift in Sources */ = {isa = PBXBuildFile; fileRef = 26819983229601DD00F1668A /* SmackUITests.swift */; };
		2681999A2296103D00F1668A /* ChatVC.swift in Sources */ = {isa = PBXBuildFile; fileRef = 268199992296103D00F1668A /* ChatVC.swift */; };
		2681999C2296105D00F1668A /* ChannelVC.swift in Sources */ = {isa = PBXBuildFile; fileRef = 2681999B2296105D00F1668A /* ChannelVC.swift */; };
		268199A02296177300F1668A /* SWRevealViewController.m in Sources */ = {isa = PBXBuildFile; fileRef = 2681999E2296177300F1668A /* SWRevealViewController.m */; };
		268199A522961E4400F1668A /* Smack-Bridging-Header.h in Sources */ = {isa = PBXBuildFile; fileRef = 268199A422961E4400F1668A /* Smack-Bridging-Header.h */; };
		268199A72297175900F1668A /* GradientView.swift in Sources */ = {isa = PBXBuildFile; fileRef = 268199A62297175900F1668A /* GradientView.swift */; };
		268199AA229721AC00F1668A /* Constants.swift in Sources */ = {isa = PBXBuildFile; fileRef = 268199A9229721AC00F1668A /* Constants.swift */; };
		268199AC2297277C00F1668A /* LoginVC.swift in Sources */ = {isa = PBXBuildFile; fileRef = 268199AB2297277C00F1668A /* LoginVC.swift */; };
		268199B12297590200F1668A /* AuthService.swift in Sources */ = {isa = PBXBuildFile; fileRef = 268199B02297590200F1668A /* AuthService.swift */; };
		268199B3229A622400F1668A /* UserDataService.swift in Sources */ = {isa = PBXBuildFile; fileRef = 268199B2229A622400F1668A /* UserDataService.swift */; };
		268199B7229A720800F1668A /* AvatarPickVC.swift in Sources */ = {isa = PBXBuildFile; fileRef = 268199B6229A720800F1668A /* AvatarPickVC.swift */; };
		268199BD229B07DA00F1668A /* AvatarCell.swift in Sources */ = {isa = PBXBuildFile; fileRef = 268199BC229B07DA00F1668A /* AvatarCell.swift */; };
		268199C0229B203600F1668A /* CreateAccountVC.swift in Sources */ = {isa = PBXBuildFile; fileRef = 268199AD22972F6000F1668A /* CreateAccountVC.swift */; };
		268199C2229B226400F1668A /* CircleImage.swift in Sources */ = {isa = PBXBuildFile; fileRef = 268199C1229B226400F1668A /* CircleImage.swift */; };
		268199C5229B51D900F1668A /* ProfileVC.swift in Sources */ = {isa = PBXBuildFile; fileRef = 268199C3229B51D900F1668A /* ProfileVC.swift */; };
		268199C6229B51D900F1668A /* ProfileVC.xib in Resources */ = {isa = PBXBuildFile; fileRef = 268199C4229B51D900F1668A /* ProfileVC.xib */; };
		268199C9229BBFE300F1668A /* MessageService.swift in Sources */ = {isa = PBXBuildFile; fileRef = 268199C8229BBFE300F1668A /* MessageService.swift */; };
		268199CB229BC04100F1668A /* Channel.swift in Sources */ = {isa = PBXBuildFile; fileRef = 268199CA229BC04100F1668A /* Channel.swift */; };
		268199CD229C6B7300F1668A /* ChannelCell.swift in Sources */ = {isa = PBXBuildFile; fileRef = 268199CC229C6B7300F1668A /* ChannelCell.swift */; };
		268199D0229C7A4A00F1668A /* AddChannelVC.swift in Sources */ = {isa = PBXBuildFile; fileRef = 268199CE229C7A4A00F1668A /* AddChannelVC.swift */; };
		268199D1229C7A4A00F1668A /* AddChannelVC.xib in Resources */ = {isa = PBXBuildFile; fileRef = 268199CF229C7A4A00F1668A /* AddChannelVC.xib */; };
		268199D3229C8A8900F1668A /* SocketService.swift in Sources */ = {isa = PBXBuildFile; fileRef = 268199D2229C8A8900F1668A /* SocketService.swift */; };
		268199D5229DCCB300F1668A /* Message.swift in Sources */ = {isa = PBXBuildFile; fileRef = 268199D4229DCCB300F1668A /* Message.swift */; };
		268199D7229DD49900F1668A /* KeyboardBoundView.swift in Sources */ = {isa = PBXBuildFile; fileRef = 268199D6229DD49900F1668A /* KeyboardBoundView.swift */; };
		268199D9229DFC2300F1668A /* MessageCell.swift in Sources */ = {isa = PBXBuildFile; fileRef = 268199D8229DFC2300F1668A /* MessageCell.swift */; };
		AEAC5192C2A122A9FBC2717B /* Pods_SmackTests.framework in Frameworks */ = {isa = PBXBuildFile; fileRef = 34861CB6B08DD5DE48087AB3 /* Pods_SmackTests.framework */; };
		C5541D187D0F213623875A40 /* Pods_SmackUITests.framework in Frameworks */ = {isa = PBXBuildFile; fileRef = C918B2E4A84F1C50C965A089 /* Pods_SmackUITests.framework */; };
		D28B46A9408749641DC0A530 /* Pods_Smack.framework in Frameworks */ = {isa = PBXBuildFile; fileRef = 8F649FB42C34193D28A7E7A2 /* Pods_Smack.framework */; };
/* End PBXBuildFile section */

/* Begin PBXContainerItemProxy section */
		26819975229601DD00F1668A /* PBXContainerItemProxy */ = {
			isa = PBXContainerItemProxy;
			containerPortal = 26819958229601DB00F1668A /* Project object */;
			proxyType = 1;
			remoteGlobalIDString = 2681995F229601DC00F1668A;
			remoteInfo = Smack;
		};
		26819980229601DD00F1668A /* PBXContainerItemProxy */ = {
			isa = PBXContainerItemProxy;
			containerPortal = 26819958229601DB00F1668A /* Project object */;
			proxyType = 1;
			remoteGlobalIDString = 2681995F229601DC00F1668A;
			remoteInfo = Smack;
		};
/* End PBXContainerItemProxy section */

/* Begin PBXFileReference section */
		004CFC12B100AC6B2710F679 /* Pods-SmackUITests.release.xcconfig */ = {isa = PBXFileReference; includeInIndex = 1; lastKnownFileType = text.xcconfig; name = "Pods-SmackUITests.release.xcconfig"; path = "Pods/Target Support Files/Pods-SmackUITests/Pods-SmackUITests.release.xcconfig"; sourceTree = "<group>"; };
		26819960229601DC00F1668A /* Smack.app */ = {isa = PBXFileReference; explicitFileType = wrapper.application; includeInIndex = 0; path = Smack.app; sourceTree = BUILT_PRODUCTS_DIR; };
		26819963229601DC00F1668A /* AppDelegate.swift */ = {isa = PBXFileReference; lastKnownFileType = sourcecode.swift; path = AppDelegate.swift; sourceTree = "<group>"; };
		26819968229601DC00F1668A /* Base */ = {isa = PBXFileReference; lastKnownFileType = file.storyboard; name = Base; path = Base.lproj/Main.storyboard; sourceTree = "<group>"; };
		2681996A229601DD00F1668A /* Assets.xcassets */ = {isa = PBXFileReference; lastKnownFileType = folder.assetcatalog; path = Assets.xcassets; sourceTree = "<group>"; };
		2681996D229601DD00F1668A /* Base */ = {isa = PBXFileReference; lastKnownFileType = file.storyboard; name = Base; path = Base.lproj/LaunchScreen.storyboard; sourceTree = "<group>"; };
		2681996F229601DD00F1668A /* Info.plist */ = {isa = PBXFileReference; lastKnownFileType = text.plist.xml; path = Info.plist; sourceTree = "<group>"; };
		26819974229601DD00F1668A /* SmackTests.xctest */ = {isa = PBXFileReference; explicitFileType = wrapper.cfbundle; includeInIndex = 0; path = SmackTests.xctest; sourceTree = BUILT_PRODUCTS_DIR; };
		26819978229601DD00F1668A /* SmackTests.swift */ = {isa = PBXFileReference; lastKnownFileType = sourcecode.swift; path = SmackTests.swift; sourceTree = "<group>"; };
		2681997A229601DD00F1668A /* Info.plist */ = {isa = PBXFileReference; lastKnownFileType = text.plist.xml; path = Info.plist; sourceTree = "<group>"; };
		2681997F229601DD00F1668A /* SmackUITests.xctest */ = {isa = PBXFileReference; explicitFileType = wrapper.cfbundle; includeInIndex = 0; path = SmackUITests.xctest; sourceTree = BUILT_PRODUCTS_DIR; };
		26819983229601DD00F1668A /* SmackUITests.swift */ = {isa = PBXFileReference; lastKnownFileType = sourcecode.swift; path = SmackUITests.swift; sourceTree = "<group>"; };
		26819985229601DD00F1668A /* Info.plist */ = {isa = PBXFileReference; lastKnownFileType = text.plist.xml; path = Info.plist; sourceTree = "<group>"; };
		268199992296103D00F1668A /* ChatVC.swift */ = {isa = PBXFileReference; lastKnownFileType = sourcecode.swift; path = ChatVC.swift; sourceTree = "<group>"; };
		2681999B2296105D00F1668A /* ChannelVC.swift */ = {isa = PBXFileReference; lastKnownFileType = sourcecode.swift; path = ChannelVC.swift; sourceTree = "<group>"; };
		2681999E2296177300F1668A /* SWRevealViewController.m */ = {isa = PBXFileReference; fileEncoding = 4; lastKnownFileType = sourcecode.c.objc; path = SWRevealViewController.m; sourceTree = "<group>"; };
		2681999F2296177300F1668A /* SWRevealViewController.h */ = {isa = PBXFileReference; fileEncoding = 4; lastKnownFileType = sourcecode.c.h; path = SWRevealViewController.h; sourceTree = "<group>"; };
		268199A422961E4400F1668A /* Smack-Bridging-Header.h */ = {isa = PBXFileReference; lastKnownFileType = sourcecode.c.h; path = "Smack-Bridging-Header.h"; sourceTree = "<group>"; };
		268199A62297175900F1668A /* GradientView.swift */ = {isa = PBXFileReference; lastKnownFileType = sourcecode.swift; path = GradientView.swift; sourceTree = "<group>"; };
		268199A9229721AC00F1668A /* Constants.swift */ = {isa = PBXFileReference; lastKnownFileType = sourcecode.swift; path = Constants.swift; sourceTree = "<group>"; };
		268199AB2297277C00F1668A /* LoginVC.swift */ = {isa = PBXFileReference; lastKnownFileType = sourcecode.swift; path = LoginVC.swift; sourceTree = "<group>"; };
		268199AD22972F6000F1668A /* CreateAccountVC.swift */ = {isa = PBXFileReference; lastKnownFileType = sourcecode.swift; path = CreateAccountVC.swift; sourceTree = "<group>"; };
		268199B02297590200F1668A /* AuthService.swift */ = {isa = PBXFileReference; lastKnownFileType = sourcecode.swift; path = AuthService.swift; sourceTree = "<group>"; };
		268199B2229A622400F1668A /* UserDataService.swift */ = {isa = PBXFileReference; lastKnownFileType = sourcecode.swift; path = UserDataService.swift; sourceTree = "<group>"; };
		268199B6229A720800F1668A /* AvatarPickVC.swift */ = {isa = PBXFileReference; lastKnownFileType = sourcecode.swift; path = AvatarPickVC.swift; sourceTree = "<group>"; };
		268199BC229B07DA00F1668A /* AvatarCell.swift */ = {isa = PBXFileReference; lastKnownFileType = sourcecode.swift; path = AvatarCell.swift; sourceTree = "<group>"; };
		268199C1229B226400F1668A /* CircleImage.swift */ = {isa = PBXFileReference; lastKnownFileType = sourcecode.swift; path = CircleImage.swift; sourceTree = "<group>"; };
		268199C3229B51D900F1668A /* ProfileVC.swift */ = {isa = PBXFileReference; lastKnownFileType = sourcecode.swift; path = ProfileVC.swift; sourceTree = "<group>"; };
		268199C4229B51D900F1668A /* ProfileVC.xib */ = {isa = PBXFileReference; lastKnownFileType = file.xib; path = ProfileVC.xib; sourceTree = "<group>"; };
		268199C8229BBFE300F1668A /* MessageService.swift */ = {isa = PBXFileReference; lastKnownFileType = sourcecode.swift; path = MessageService.swift; sourceTree = "<group>"; };
		268199CA229BC04100F1668A /* Channel.swift */ = {isa = PBXFileReference; lastKnownFileType = sourcecode.swift; path = Channel.swift; sourceTree = "<group>"; };
		268199CC229C6B7300F1668A /* ChannelCell.swift */ = {isa = PBXFileReference; lastKnownFileType = sourcecode.swift; path = ChannelCell.swift; sourceTree = "<group>"; };
		268199CE229C7A4A00F1668A /* AddChannelVC.swift */ = {isa = PBXFileReference; lastKnownFileType = sourcecode.swift; path = AddChannelVC.swift; sourceTree = "<group>"; };
		268199CF229C7A4A00F1668A /* AddChannelVC.xib */ = {isa = PBXFileReference; lastKnownFileType = file.xib; name = AddChannelVC.xib; path = ../Controller/AddChannelVC.xib; sourceTree = "<group>"; };
		268199D2229C8A8900F1668A /* SocketService.swift */ = {isa = PBXFileReference; lastKnownFileType = sourcecode.swift; path = SocketService.swift; sourceTree = "<group>"; };
		268199D4229DCCB300F1668A /* Message.swift */ = {isa = PBXFileReference; lastKnownFileType = sourcecode.swift; path = Message.swift; sourceTree = "<group>"; };
		268199D6229DD49900F1668A /* KeyboardBoundView.swift */ = {isa = PBXFileReference; fileEncoding = 4; lastKnownFileType = sourcecode.swift; path = KeyboardBoundView.swift; sourceTree = "<group>"; };
		268199D8229DFC2300F1668A /* MessageCell.swift */ = {isa = PBXFileReference; lastKnownFileType = sourcecode.swift; path = MessageCell.swift; sourceTree = "<group>"; };
		34861CB6B08DD5DE48087AB3 /* Pods_SmackTests.framework */ = {isa = PBXFileReference; explicitFileType = wrapper.framework; includeInIndex = 0; path = Pods_SmackTests.framework; sourceTree = BUILT_PRODUCTS_DIR; };
		587A65EDBD5E4AEDC1CF6017 /* Pods-SmackUITests.debug.xcconfig */ = {isa = PBXFileReference; includeInIndex = 1; lastKnownFileType = text.xcconfig; name = "Pods-SmackUITests.debug.xcconfig"; path = "Pods/Target Support Files/Pods-SmackUITests/Pods-SmackUITests.debug.xcconfig"; sourceTree = "<group>"; };
		5B08029589F45E4C1F8EA335 /* Pods-SmackTests.release.xcconfig */ = {isa = PBXFileReference; includeInIndex = 1; lastKnownFileType = text.xcconfig; name = "Pods-SmackTests.release.xcconfig"; path = "Pods/Target Support Files/Pods-SmackTests/Pods-SmackTests.release.xcconfig"; sourceTree = "<group>"; };
		6859949DFAEE6241CE5D4E7C /* Pods-Smack.release.xcconfig */ = {isa = PBXFileReference; includeInIndex = 1; lastKnownFileType = text.xcconfig; name = "Pods-Smack.release.xcconfig"; path = "Pods/Target Support Files/Pods-Smack/Pods-Smack.release.xcconfig"; sourceTree = "<group>"; };
		8F649FB42C34193D28A7E7A2 /* Pods_Smack.framework */ = {isa = PBXFileReference; explicitFileType = wrapper.framework; includeInIndex = 0; path = Pods_Smack.framework; sourceTree = BUILT_PRODUCTS_DIR; };
		C918B2E4A84F1C50C965A089 /* Pods_SmackUITests.framework */ = {isa = PBXFileReference; explicitFileType = wrapper.framework; includeInIndex = 0; path = Pods_SmackUITests.framework; sourceTree = BUILT_PRODUCTS_DIR; };
		E839D51B9661A999C1E4D324 /* Pods-Smack.debug.xcconfig */ = {isa = PBXFileReference; includeInIndex = 1; lastKnownFileType = text.xcconfig; name = "Pods-Smack.debug.xcconfig"; path = "Pods/Target Support Files/Pods-Smack/Pods-Smack.debug.xcconfig"; sourceTree = "<group>"; };
		FA98C8BA5E8BFBA66BC97BAD /* Pods-SmackTests.debug.xcconfig */ = {isa = PBXFileReference; includeInIndex = 1; lastKnownFileType = text.xcconfig; name = "Pods-SmackTests.debug.xcconfig"; path = "Pods/Target Support Files/Pods-SmackTests/Pods-SmackTests.debug.xcconfig"; sourceTree = "<group>"; };
/* End PBXFileReference section */

/* Begin PBXFrameworksBuildPhase section */
		2681995D229601DC00F1668A /* Frameworks */ = {
			isa = PBXFrameworksBuildPhase;
			buildActionMask = 2147483647;
			files = (
				D28B46A9408749641DC0A530 /* Pods_Smack.framework in Frameworks */,
			);
			runOnlyForDeploymentPostprocessing = 0;
		};
		26819971229601DD00F1668A /* Frameworks */ = {
			isa = PBXFrameworksBuildPhase;
			buildActionMask = 2147483647;
			files = (
				AEAC5192C2A122A9FBC2717B /* Pods_SmackTests.framework in Frameworks */,
			);
			runOnlyForDeploymentPostprocessing = 0;
		};
		2681997C229601DD00F1668A /* Frameworks */ = {
			isa = PBXFrameworksBuildPhase;
			buildActionMask = 2147483647;
			files = (
				C5541D187D0F213623875A40 /* Pods_SmackUITests.framework in Frameworks */,
			);
			runOnlyForDeploymentPostprocessing = 0;
		};
/* End PBXFrameworksBuildPhase section */

/* Begin PBXGroup section */
		26819957229601DB00F1668A = {
			isa = PBXGroup;
			children = (
				26819962229601DC00F1668A /* Smack */,
				26819977229601DD00F1668A /* SmackTests */,
				26819982229601DD00F1668A /* SmackUITests */,
				26819961229601DC00F1668A /* Products */,
				B0D06964FEEEFF4C281E9588 /* Pods */,
				D34A5E626A7405E39371415E /* Frameworks */,
			);
			sourceTree = "<group>";
		};
		26819961229601DC00F1668A /* Products */ = {
			isa = PBXGroup;
			children = (
				26819960229601DC00F1668A /* Smack.app */,
				26819974229601DD00F1668A /* SmackTests.xctest */,
				2681997F229601DD00F1668A /* SmackUITests.xctest */,
			);
			name = Products;
			sourceTree = "<group>";
		};
		26819962229601DC00F1668A /* Smack */ = {
			isa = PBXGroup;
			children = (
				268199C7229B521800F1668A /* XIBs */,
				268199AF229758EC00F1668A /* Services */,
				268199A82297219100F1668A /* Utilities */,
				2681999F2296177300F1668A /* SWRevealViewController.h */,
				2681999E2296177300F1668A /* SWRevealViewController.m */,
				268199A422961E4400F1668A /* Smack-Bridging-Header.h */,
				268199982296101900F1668A /* Model */,
				268199972296101200F1668A /* View */,
				268199962296100700F1668A /* Controller */,
				26819963229601DC00F1668A /* AppDelegate.swift */,
				26819967229601DC00F1668A /* Main.storyboard */,
				2681996A229601DD00F1668A /* Assets.xcassets */,
				2681996C229601DD00F1668A /* LaunchScreen.storyboard */,
				2681996F229601DD00F1668A /* Info.plist */,
			);
			path = Smack;
			sourceTree = "<group>";
		};
		26819977229601DD00F1668A /* SmackTests */ = {
			isa = PBXGroup;
			children = (
				26819978229601DD00F1668A /* SmackTests.swift */,
				2681997A229601DD00F1668A /* Info.plist */,
			);
			path = SmackTests;
			sourceTree = "<group>";
		};
		26819982229601DD00F1668A /* SmackUITests */ = {
			isa = PBXGroup;
			children = (
				26819983229601DD00F1668A /* SmackUITests.swift */,
				26819985229601DD00F1668A /* Info.plist */,
			);
			path = SmackUITests;
			sourceTree = "<group>";
		};
		268199962296100700F1668A /* Controller */ = {
			isa = PBXGroup;
			children = (
				268199992296103D00F1668A /* ChatVC.swift */,
				2681999B2296105D00F1668A /* ChannelVC.swift */,
				268199AB2297277C00F1668A /* LoginVC.swift */,
				268199AD22972F6000F1668A /* CreateAccountVC.swift */,
				268199B6229A720800F1668A /* AvatarPickVC.swift */,
				268199C3229B51D900F1668A /* ProfileVC.swift */,
				268199CE229C7A4A00F1668A /* AddChannelVC.swift */,
			);
			path = Controller;
			sourceTree = "<group>";
		};
		268199972296101200F1668A /* View */ = {
			isa = PBXGroup;
			children = (
				268199D6229DD49900F1668A /* KeyboardBoundView.swift */,
				268199A62297175900F1668A /* GradientView.swift */,
				268199BC229B07DA00F1668A /* AvatarCell.swift */,
				268199C1229B226400F1668A /* CircleImage.swift */,
				268199CC229C6B7300F1668A /* ChannelCell.swift */,
				268199D8229DFC2300F1668A /* MessageCell.swift */,
			);
			path = View;
			sourceTree = "<group>";
		};
		268199982296101900F1668A /* Model */ = {
			isa = PBXGroup;
			children = (
				268199CA229BC04100F1668A /* Channel.swift */,
				268199D4229DCCB300F1668A /* Message.swift */,
			);
			path = Model;
			sourceTree = "<group>";
		};
		268199A82297219100F1668A /* Utilities */ = {
			isa = PBXGroup;
			children = (
				268199A9229721AC00F1668A /* Constants.swift */,
			);
			path = Utilities;
			sourceTree = "<group>";
		};
		268199AF229758EC00F1668A /* Services */ = {
			isa = PBXGroup;
			children = (
				268199B02297590200F1668A /* AuthService.swift */,
				268199B2229A622400F1668A /* UserDataService.swift */,
				268199C8229BBFE300F1668A /* MessageService.swift */,
				268199D2229C8A8900F1668A /* SocketService.swift */,
			);
			path = Services;
			sourceTree = "<group>";
		};
		268199C7229B521800F1668A /* XIBs */ = {
			isa = PBXGroup;
			children = (
				268199C4229B51D900F1668A /* ProfileVC.xib */,
				268199CF229C7A4A00F1668A /* AddChannelVC.xib */,
			);
			path = XIBs;
			sourceTree = "<group>";
		};
		B0D06964FEEEFF4C281E9588 /* Pods */ = {
			isa = PBXGroup;
			children = (
				E839D51B9661A999C1E4D324 /* Pods-Smack.debug.xcconfig */,
				6859949DFAEE6241CE5D4E7C /* Pods-Smack.release.xcconfig */,
				FA98C8BA5E8BFBA66BC97BAD /* Pods-SmackTests.debug.xcconfig */,
				5B08029589F45E4C1F8EA335 /* Pods-SmackTests.release.xcconfig */,
				587A65EDBD5E4AEDC1CF6017 /* Pods-SmackUITests.debug.xcconfig */,
				004CFC12B100AC6B2710F679 /* Pods-SmackUITests.release.xcconfig */,
			);
			name = Pods;
			sourceTree = "<group>";
		};
		D34A5E626A7405E39371415E /* Frameworks */ = {
			isa = PBXGroup;
			children = (
				8F649FB42C34193D28A7E7A2 /* Pods_Smack.framework */,
				34861CB6B08DD5DE48087AB3 /* Pods_SmackTests.framework */,
				C918B2E4A84F1C50C965A089 /* Pods_SmackUITests.framework */,
			);
			name = Frameworks;
			sourceTree = "<group>";
		};
/* End PBXGroup section */

/* Begin PBXNativeTarget section */
		2681995F229601DC00F1668A /* Smack */ = {
			isa = PBXNativeTarget;
			buildConfigurationList = 26819988229601DD00F1668A /* Build configuration list for PBXNativeTarget "Smack" */;
			buildPhases = (
				3356E4F1957795CC2C654DD5 /* [CP] Check Pods Manifest.lock */,
				2681995C229601DC00F1668A /* Sources */,
				2681995D229601DC00F1668A /* Frameworks */,
				2681995E229601DC00F1668A /* Resources */,
				6C666349719D8E1CAD706F28 /* [CP] Embed Pods Frameworks */,
			);
			buildRules = (
			);
			dependencies = (
			);
			name = Smack;
			productName = Smack;
			productReference = 26819960229601DC00F1668A /* Smack.app */;
			productType = "com.apple.product-type.application";
		};
		26819973229601DD00F1668A /* SmackTests */ = {
			isa = PBXNativeTarget;
			buildConfigurationList = 2681998B229601DD00F1668A /* Build configuration list for PBXNativeTarget "SmackTests" */;
			buildPhases = (
				209FE25ECDA1054E43D57717 /* [CP] Check Pods Manifest.lock */,
				26819970229601DD00F1668A /* Sources */,
				26819971229601DD00F1668A /* Frameworks */,
				26819972229601DD00F1668A /* Resources */,
			);
			buildRules = (
			);
			dependencies = (
				26819976229601DD00F1668A /* PBXTargetDependency */,
			);
			name = SmackTests;
			productName = SmackTests;
			productReference = 26819974229601DD00F1668A /* SmackTests.xctest */;
			productType = "com.apple.product-type.bundle.unit-test";
		};
		2681997E229601DD00F1668A /* SmackUITests */ = {
			isa = PBXNativeTarget;
			buildConfigurationList = 2681998E229601DD00F1668A /* Build configuration list for PBXNativeTarget "SmackUITests" */;
			buildPhases = (
				2016D03B19664EFB11F2F25E /* [CP] Check Pods Manifest.lock */,
				2681997B229601DD00F1668A /* Sources */,
				2681997C229601DD00F1668A /* Frameworks */,
				2681997D229601DD00F1668A /* Resources */,
			);
			buildRules = (
			);
			dependencies = (
				26819981229601DD00F1668A /* PBXTargetDependency */,
			);
			name = SmackUITests;
			productName = SmackUITests;
			productReference = 2681997F229601DD00F1668A /* SmackUITests.xctest */;
			productType = "com.apple.product-type.bundle.ui-testing";
		};
/* End PBXNativeTarget section */

/* Begin PBXProject section */
		26819958229601DB00F1668A /* Project object */ = {
			isa = PBXProject;
			attributes = {
				LastSwiftUpdateCheck = 1020;
				LastUpgradeCheck = 1020;
				ORGANIZATIONNAME = "Steven Liu";
				TargetAttributes = {
					2681995F229601DC00F1668A = {
						CreatedOnToolsVersion = 10.2.1;
						LastSwiftMigration = 1020;
					};
					26819973229601DD00F1668A = {
						CreatedOnToolsVersion = 10.2.1;
						TestTargetID = 2681995F229601DC00F1668A;
					};
					2681997E229601DD00F1668A = {
						CreatedOnToolsVersion = 10.2.1;
						TestTargetID = 2681995F229601DC00F1668A;
					};
				};
			};
			buildConfigurationList = 2681995B229601DB00F1668A /* Build configuration list for PBXProject "Smack-Bridging-Header" */;
			compatibilityVersion = "Xcode 9.3";
			developmentRegion = en;
			hasScannedForEncodings = 0;
			knownRegions = (
				en,
				Base,
			);
			mainGroup = 26819957229601DB00F1668A;
			productRefGroup = 26819961229601DC00F1668A /* Products */;
			projectDirPath = "";
			projectRoot = "";
			targets = (
				2681995F229601DC00F1668A /* Smack */,
				26819973229601DD00F1668A /* SmackTests */,
				2681997E229601DD00F1668A /* SmackUITests */,
			);
		};
/* End PBXProject section */

/* Begin PBXResourcesBuildPhase section */
		2681995E229601DC00F1668A /* Resources */ = {
			isa = PBXResourcesBuildPhase;
			buildActionMask = 2147483647;
			files = (
				268199D1229C7A4A00F1668A /* AddChannelVC.xib in Resources */,
				268199C6229B51D900F1668A /* ProfileVC.xib in Resources */,
				2681996E229601DD00F1668A /* LaunchScreen.storyboard in Resources */,
				2681996B229601DD00F1668A /* Assets.xcassets in Resources */,
				26819969229601DC00F1668A /* Main.storyboard in Resources */,
			);
			runOnlyForDeploymentPostprocessing = 0;
		};
		26819972229601DD00F1668A /* Resources */ = {
			isa = PBXResourcesBuildPhase;
			buildActionMask = 2147483647;
			files = (
			);
			runOnlyForDeploymentPostprocessing = 0;
		};
		2681997D229601DD00F1668A /* Resources */ = {
			isa = PBXResourcesBuildPhase;
			buildActionMask = 2147483647;
			files = (
			);
			runOnlyForDeploymentPostprocessing = 0;
		};
/* End PBXResourcesBuildPhase section */

/* Begin PBXShellScriptBuildPhase section */
		2016D03B19664EFB11F2F25E /* [CP] Check Pods Manifest.lock */ = {
			isa = PBXShellScriptBuildPhase;
			buildActionMask = 2147483647;
			files = (
			);
			inputPaths = (
				"${PODS_PODFILE_DIR_PATH}/Podfile.lock",
				"${PODS_ROOT}/Manifest.lock",
			);
			name = "[CP] Check Pods Manifest.lock";
			outputPaths = (
				"$(DERIVED_FILE_DIR)/Pods-SmackUITests-checkManifestLockResult.txt",
			);
			runOnlyForDeploymentPostprocessing = 0;
			shellPath = /bin/sh;
			shellScript = "diff \"${PODS_PODFILE_DIR_PATH}/Podfile.lock\" \"${PODS_ROOT}/Manifest.lock\" > /dev/null\nif [ $? != 0 ] ; then\n    # print error to STDERR\n    echo \"error: The sandbox is not in sync with the Podfile.lock. Run 'pod install' or update your CocoaPods installation.\" >&2\n    exit 1\nfi\n# This output is used by Xcode 'outputs' to avoid re-running this script phase.\necho \"SUCCESS\" > \"${SCRIPT_OUTPUT_FILE_0}\"\n";
			showEnvVarsInLog = 0;
		};
		209FE25ECDA1054E43D57717 /* [CP] Check Pods Manifest.lock */ = {
			isa = PBXShellScriptBuildPhase;
			buildActionMask = 2147483647;
			files = (
			);
			inputPaths = (
				"${PODS_PODFILE_DIR_PATH}/Podfile.lock",
				"${PODS_ROOT}/Manifest.lock",
			);
			name = "[CP] Check Pods Manifest.lock";
			outputPaths = (
				"$(DERIVED_FILE_DIR)/Pods-SmackTests-checkManifestLockResult.txt",
			);
			runOnlyForDeploymentPostprocessing = 0;
			shellPath = /bin/sh;
			shellScript = "diff \"${PODS_PODFILE_DIR_PATH}/Podfile.lock\" \"${PODS_ROOT}/Manifest.lock\" > /dev/null\nif [ $? != 0 ] ; then\n    # print error to STDERR\n    echo \"error: The sandbox is not in sync with the Podfile.lock. Run 'pod install' or update your CocoaPods installation.\" >&2\n    exit 1\nfi\n# This output is used by Xcode 'outputs' to avoid re-running this script phase.\necho \"SUCCESS\" > \"${SCRIPT_OUTPUT_FILE_0}\"\n";
			showEnvVarsInLog = 0;
		};
		3356E4F1957795CC2C654DD5 /* [CP] Check Pods Manifest.lock */ = {
			isa = PBXShellScriptBuildPhase;
			buildActionMask = 2147483647;
			files = (
			);
			inputPaths = (
				"${PODS_PODFILE_DIR_PATH}/Podfile.lock",
				"${PODS_ROOT}/Manifest.lock",
			);
			name = "[CP] Check Pods Manifest.lock";
			outputPaths = (
				"$(DERIVED_FILE_DIR)/Pods-Smack-checkManifestLockResult.txt",
			);
			runOnlyForDeploymentPostprocessing = 0;
			shellPath = /bin/sh;
			shellScript = "diff \"${PODS_PODFILE_DIR_PATH}/Podfile.lock\" \"${PODS_ROOT}/Manifest.lock\" > /dev/null\nif [ $? != 0 ] ; then\n    # print error to STDERR\n    echo \"error: The sandbox is not in sync with the Podfile.lock. Run 'pod install' or update your CocoaPods installation.\" >&2\n    exit 1\nfi\n# This output is used by Xcode 'outputs' to avoid re-running this script phase.\necho \"SUCCESS\" > \"${SCRIPT_OUTPUT_FILE_0}\"\n";
			showEnvVarsInLog = 0;
		};
		6C666349719D8E1CAD706F28 /* [CP] Embed Pods Frameworks */ = {
			isa = PBXShellScriptBuildPhase;
			buildActionMask = 2147483647;
			files = (
			);
			inputPaths = (
				"${SRCROOT}/Pods/Target Support Files/Pods-Smack/Pods-Smack-frameworks.sh",
				"${BUILT_PRODUCTS_DIR}/Alamofire/Alamofire.framework",
				"${BUILT_PRODUCTS_DIR}/Socket.IO-Client-Swift/SocketIO.framework",
				"${BUILT_PRODUCTS_DIR}/Starscream/Starscream.framework",
				"${BUILT_PRODUCTS_DIR}/SwiftyJSON/SwiftyJSON.framework",
			);
			name = "[CP] Embed Pods Frameworks";
			outputPaths = (
				"${TARGET_BUILD_DIR}/${FRAMEWORKS_FOLDER_PATH}/Alamofire.framework",
				"${TARGET_BUILD_DIR}/${FRAMEWORKS_FOLDER_PATH}/SocketIO.framework",
				"${TARGET_BUILD_DIR}/${FRAMEWORKS_FOLDER_PATH}/Starscream.framework",
				"${TARGET_BUILD_DIR}/${FRAMEWORKS_FOLDER_PATH}/SwiftyJSON.framework",
			);
			runOnlyForDeploymentPostprocessing = 0;
			shellPath = /bin/sh;
			shellScript = "\"${SRCROOT}/Pods/Target Support Files/Pods-Smack/Pods-Smack-frameworks.sh\"\n";
			showEnvVarsInLog = 0;
		};
/* End PBXShellScriptBuildPhase section */

/* Begin PBXSourcesBuildPhase section */
		2681995C229601DC00F1668A /* Sources */ = {
			isa = PBXSourcesBuildPhase;
			buildActionMask = 2147483647;
			files = (
				268199D7229DD49900F1668A /* KeyboardBoundView.swift in Sources */,
				268199D3229C8A8900F1668A /* SocketService.swift in Sources */,
				268199C5229B51D900F1668A /* ProfileVC.swift in Sources */,
				268199CD229C6B7300F1668A /* ChannelCell.swift in Sources */,
				268199B7229A720800F1668A /* AvatarPickVC.swift in Sources */,
				268199C0229B203600F1668A /* CreateAccountVC.swift in Sources */,
				268199D9229DFC2300F1668A /* MessageCell.swift in Sources */,
				2681999C2296105D00F1668A /* ChannelVC.swift in Sources */,
				268199D5229DCCB300F1668A /* Message.swift in Sources */,
				268199CB229BC04100F1668A /* Channel.swift in Sources */,
				268199C2229B226400F1668A /* CircleImage.swift in Sources */,
				268199C9229BBFE300F1668A /* MessageService.swift in Sources */,
				2681999A2296103D00F1668A /* ChatVC.swift in Sources */,
				268199AC2297277C00F1668A /* LoginVC.swift in Sources */,
				268199B3229A622400F1668A /* UserDataService.swift in Sources */,
				268199A72297175900F1668A /* GradientView.swift in Sources */,
				26819964229601DC00F1668A /* AppDelegate.swift in Sources */,
				268199D0229C7A4A00F1668A /* AddChannelVC.swift in Sources */,
				268199AA229721AC00F1668A /* Constants.swift in Sources */,
				268199BD229B07DA00F1668A /* AvatarCell.swift in Sources */,
				268199B12297590200F1668A /* AuthService.swift in Sources */,
				268199A02296177300F1668A /* SWRevealViewController.m in Sources */,
				268199A522961E4400F1668A /* Smack-Bridging-Header.h in Sources */,
			);
			runOnlyForDeploymentPostprocessing = 0;
		};
		26819970229601DD00F1668A /* Sources */ = {
			isa = PBXSourcesBuildPhase;
			buildActionMask = 2147483647;
			files = (
				26819979229601DD00F1668A /* SmackTests.swift in Sources */,
			);
			runOnlyForDeploymentPostprocessing = 0;
		};
		2681997B229601DD00F1668A /* Sources */ = {
			isa = PBXSourcesBuildPhase;
			buildActionMask = 2147483647;
			files = (
				26819984229601DD00F1668A /* SmackUITests.swift in Sources */,
			);
			runOnlyForDeploymentPostprocessing = 0;
		};
/* End PBXSourcesBuildPhase section */

/* Begin PBXTargetDependency section */
		26819976229601DD00F1668A /* PBXTargetDependency */ = {
			isa = PBXTargetDependency;
			target = 2681995F229601DC00F1668A /* Smack */;
			targetProxy = 26819975229601DD00F1668A /* PBXContainerItemProxy */;
		};
		26819981229601DD00F1668A /* PBXTargetDependency */ = {
			isa = PBXTargetDependency;
			target = 2681995F229601DC00F1668A /* Smack */;
			targetProxy = 26819980229601DD00F1668A /* PBXContainerItemProxy */;
		};
/* End PBXTargetDependency section */

/* Begin PBXVariantGroup section */
		26819967229601DC00F1668A /* Main.storyboard */ = {
			isa = PBXVariantGroup;
			children = (
				26819968229601DC00F1668A /* Base */,
			);
			name = Main.storyboard;
			sourceTree = "<group>";
		};
		2681996C229601DD00F1668A /* LaunchScreen.storyboard */ = {
			isa = PBXVariantGroup;
			children = (
				2681996D229601DD00F1668A /* Base */,
			);
			name = LaunchScreen.storyboard;
			sourceTree = "<group>";
		};
/* End PBXVariantGroup section */

/* Begin XCBuildConfiguration section */
		26819986229601DD00F1668A /* Debug */ = {
			isa = XCBuildConfiguration;
			buildSettings = {
				ALWAYS_SEARCH_USER_PATHS = NO;
				CLANG_ANALYZER_NONNULL = YES;
				CLANG_ANALYZER_NUMBER_OBJECT_CONVERSION = YES_AGGRESSIVE;
				CLANG_CXX_LANGUAGE_STANDARD = "gnu++14";
				CLANG_CXX_LIBRARY = "libc++";
				CLANG_ENABLE_MODULES = YES;
				CLANG_ENABLE_OBJC_ARC = YES;
				CLANG_ENABLE_OBJC_WEAK = YES;
				CLANG_WARN_BLOCK_CAPTURE_AUTORELEASING = YES;
				CLANG_WARN_BOOL_CONVERSION = YES;
				CLANG_WARN_COMMA = YES;
				CLANG_WARN_CONSTANT_CONVERSION = YES;
				CLANG_WARN_DEPRECATED_OBJC_IMPLEMENTATIONS = YES;
				CLANG_WARN_DIRECT_OBJC_ISA_USAGE = YES_ERROR;
				CLANG_WARN_DOCUMENTATION_COMMENTS = YES;
				CLANG_WARN_EMPTY_BODY = YES;
				CLANG_WARN_ENUM_CONVERSION = YES;
				CLANG_WARN_INFINITE_RECURSION = YES;
				CLANG_WARN_INT_CONVERSION = YES;
				CLANG_WARN_NON_LITERAL_NULL_CONVERSION = YES;
				CLANG_WARN_OBJC_IMPLICIT_RETAIN_SELF = YES;
				CLANG_WARN_OBJC_LITERAL_CONVERSION = YES;
				CLANG_WARN_OBJC_ROOT_CLASS = YES_ERROR;
				CLANG_WARN_RANGE_LOOP_ANALYSIS = YES;
				CLANG_WARN_STRICT_PROTOTYPES = YES;
				CLANG_WARN_SUSPICIOUS_MOVE = YES;
				CLANG_WARN_UNGUARDED_AVAILABILITY = YES_AGGRESSIVE;
				CLANG_WARN_UNREACHABLE_CODE = YES;
				CLANG_WARN__DUPLICATE_METHOD_MATCH = YES;
				CODE_SIGN_IDENTITY = "iPhone Developer";
				COPY_PHASE_STRIP = NO;
				DEBUG_INFORMATION_FORMAT = dwarf;
				ENABLE_STRICT_OBJC_MSGSEND = YES;
				ENABLE_TESTABILITY = YES;
				GCC_C_LANGUAGE_STANDARD = gnu11;
				GCC_DYNAMIC_NO_PIC = NO;
				GCC_NO_COMMON_BLOCKS = YES;
				GCC_OPTIMIZATION_LEVEL = 0;
				GCC_PREPROCESSOR_DEFINITIONS = (
					"DEBUG=1",
					"$(inherited)",
				);
				GCC_WARN_64_TO_32_BIT_CONVERSION = YES;
				GCC_WARN_ABOUT_RETURN_TYPE = YES_ERROR;
				GCC_WARN_UNDECLARED_SELECTOR = YES;
				GCC_WARN_UNINITIALIZED_AUTOS = YES_AGGRESSIVE;
				GCC_WARN_UNUSED_FUNCTION = YES;
				GCC_WARN_UNUSED_VARIABLE = YES;
				IPHONEOS_DEPLOYMENT_TARGET = 12.2;
				MTL_ENABLE_DEBUG_INFO = INCLUDE_SOURCE;
				MTL_FAST_MATH = YES;
				ONLY_ACTIVE_ARCH = YES;
				SDKROOT = iphoneos;
				SWIFT_ACTIVE_COMPILATION_CONDITIONS = DEBUG;
				SWIFT_OPTIMIZATION_LEVEL = "-Onone";
			};
			name = Debug;
		};
		26819987229601DD00F1668A /* Release */ = {
			isa = XCBuildConfiguration;
			buildSettings = {
				ALWAYS_SEARCH_USER_PATHS = NO;
				CLANG_ANALYZER_NONNULL = YES;
				CLANG_ANALYZER_NUMBER_OBJECT_CONVERSION = YES_AGGRESSIVE;
				CLANG_CXX_LANGUAGE_STANDARD = "gnu++14";
				CLANG_CXX_LIBRARY = "libc++";
				CLANG_ENABLE_MODULES = YES;
				CLANG_ENABLE_OBJC_ARC = YES;
				CLANG_ENABLE_OBJC_WEAK = YES;
				CLANG_WARN_BLOCK_CAPTURE_AUTORELEASING = YES;
				CLANG_WARN_BOOL_CONVERSION = YES;
				CLANG_WARN_COMMA = YES;
				CLANG_WARN_CONSTANT_CONVERSION = YES;
				CLANG_WARN_DEPRECATED_OBJC_IMPLEMENTATIONS = YES;
				CLANG_WARN_DIRECT_OBJC_ISA_USAGE = YES_ERROR;
				CLANG_WARN_DOCUMENTATION_COMMENTS = YES;
				CLANG_WARN_EMPTY_BODY = YES;
				CLANG_WARN_ENUM_CONVERSION = YES;
				CLANG_WARN_INFINITE_RECURSION = YES;
				CLANG_WARN_INT_CONVERSION = YES;
				CLANG_WARN_NON_LITERAL_NULL_CONVERSION = YES;
				CLANG_WARN_OBJC_IMPLICIT_RETAIN_SELF = YES;
				CLANG_WARN_OBJC_LITERAL_CONVERSION = YES;
				CLANG_WARN_OBJC_ROOT_CLASS = YES_ERROR;
				CLANG_WARN_RANGE_LOOP_ANALYSIS = YES;
				CLANG_WARN_STRICT_PROTOTYPES = YES;
				CLANG_WARN_SUSPICIOUS_MOVE = YES;
				CLANG_WARN_UNGUARDED_AVAILABILITY = YES_AGGRESSIVE;
				CLANG_WARN_UNREACHABLE_CODE = YES;
				CLANG_WARN__DUPLICATE_METHOD_MATCH = YES;
				CODE_SIGN_IDENTITY = "iPhone Developer";
				COPY_PHASE_STRIP = NO;
				DEBUG_INFORMATION_FORMAT = "dwarf-with-dsym";
				ENABLE_NS_ASSERTIONS = NO;
				ENABLE_STRICT_OBJC_MSGSEND = YES;
				GCC_C_LANGUAGE_STANDARD = gnu11;
				GCC_NO_COMMON_BLOCKS = YES;
				GCC_WARN_64_TO_32_BIT_CONVERSION = YES;
				GCC_WARN_ABOUT_RETURN_TYPE = YES_ERROR;
				GCC_WARN_UNDECLARED_SELECTOR = YES;
				GCC_WARN_UNINITIALIZED_AUTOS = YES_AGGRESSIVE;
				GCC_WARN_UNUSED_FUNCTION = YES;
				GCC_WARN_UNUSED_VARIABLE = YES;
				IPHONEOS_DEPLOYMENT_TARGET = 12.2;
				MTL_ENABLE_DEBUG_INFO = NO;
				MTL_FAST_MATH = YES;
				SDKROOT = iphoneos;
				SWIFT_COMPILATION_MODE = wholemodule;
				SWIFT_OPTIMIZATION_LEVEL = "-O";
				VALIDATE_PRODUCT = YES;
			};
			name = Release;
		};
		26819989229601DD00F1668A /* Debug */ = {
			isa = XCBuildConfiguration;
			baseConfigurationReference = E839D51B9661A999C1E4D324 /* Pods-Smack.debug.xcconfig */;
			buildSettings = {
				ASSETCATALOG_COMPILER_APPICON_NAME = AppIcon;
				CLANG_ENABLE_MODULES = YES;
				CODE_SIGN_STYLE = Automatic;
				INFOPLIST_FILE = Smack/Info.plist;
				LD_RUNPATH_SEARCH_PATHS = (
					"$(inherited)",
					"@executable_path/Frameworks",
				);
				PRODUCT_BUNDLE_IDENTIFIER = myTeam.Smack;
				PRODUCT_NAME = "$(TARGET_NAME)";
				SWIFT_OBJC_BRIDGING_HEADER = "./Smack/Smack-Bridging-Header.h";
				SWIFT_OPTIMIZATION_LEVEL = "-Onone";
				SWIFT_VERSION = 5.0;
				TARGETED_DEVICE_FAMILY = "1,2";
			};
			name = Debug;
		};
		2681998A229601DD00F1668A /* Release */ = {
			isa = XCBuildConfiguration;
			baseConfigurationReference = 6859949DFAEE6241CE5D4E7C /* Pods-Smack.release.xcconfig */;
			buildSettings = {
				ASSETCATALOG_COMPILER_APPICON_NAME = AppIcon;
				CLANG_ENABLE_MODULES = YES;
				CODE_SIGN_STYLE = Automatic;
				INFOPLIST_FILE = Smack/Info.plist;
				LD_RUNPATH_SEARCH_PATHS = (
					"$(inherited)",
					"@executable_path/Frameworks",
				);
				PRODUCT_BUNDLE_IDENTIFIER = myTeam.Smack;
				PRODUCT_NAME = "$(TARGET_NAME)";
				SWIFT_OBJC_BRIDGING_HEADER = "./Smack/Smack-Bridging-Header.h";
				SWIFT_VERSION = 5.0;
				TARGETED_DEVICE_FAMILY = "1,2";
			};
			name = Release;
		};
		2681998C229601DD00F1668A /* Debug */ = {
			isa = XCBuildConfiguration;
			baseConfigurationReference = FA98C8BA5E8BFBA66BC97BAD /* Pods-SmackTests.debug.xcconfig */;
			buildSettings = {
				ALWAYS_EMBED_SWIFT_STANDARD_LIBRARIES = YES;
				BUNDLE_LOADER = "$(TEST_HOST)";
				CODE_SIGN_STYLE = Automatic;
				INFOPLIST_FILE = SmackTests/Info.plist;
				LD_RUNPATH_SEARCH_PATHS = (
					"$(inherited)",
					"@executable_path/Frameworks",
					"@loader_path/Frameworks",
				);
				PRODUCT_BUNDLE_IDENTIFIER = myTeam.SmackTests;
				PRODUCT_NAME = "$(TARGET_NAME)";
				SWIFT_VERSION = 5.0;
				TARGETED_DEVICE_FAMILY = "1,2";
				TEST_HOST = "$(BUILT_PRODUCTS_DIR)/Smack.app/Smack";
			};
			name = Debug;
		};
		2681998D229601DD00F1668A /* Release */ = {
			isa = XCBuildConfiguration;
			baseConfigurationReference = 5B08029589F45E4C1F8EA335 /* Pods-SmackTests.release.xcconfig */;
			buildSettings = {
				ALWAYS_EMBED_SWIFT_STANDARD_LIBRARIES = YES;
				BUNDLE_LOADER = "$(TEST_HOST)";
				CODE_SIGN_STYLE = Automatic;
				INFOPLIST_FILE = SmackTests/Info.plist;
				LD_RUNPATH_SEARCH_PATHS = (
					"$(inherited)",
					"@executable_path/Frameworks",
					"@loader_path/Frameworks",
				);
				PRODUCT_BUNDLE_IDENTIFIER = myTeam.SmackTests;
				PRODUCT_NAME = "$(TARGET_NAME)";
				SWIFT_VERSION = 5.0;
				TARGETED_DEVICE_FAMILY = "1,2";
				TEST_HOST = "$(BUILT_PRODUCTS_DIR)/Smack.app/Smack";
			};
			name = Release;
		};
		2681998F229601DD00F1668A /* Debug */ = {
			isa = XCBuildConfiguration;
			baseConfigurationReference = 587A65EDBD5E4AEDC1CF6017 /* Pods-SmackUITests.debug.xcconfig */;
			buildSettings = {
				ALWAYS_EMBED_SWIFT_STANDARD_LIBRARIES = YES;
				CODE_SIGN_STYLE = Automatic;
				INFOPLIST_FILE = SmackUITests/Info.plist;
				LD_RUNPATH_SEARCH_PATHS = (
					"$(inherited)",
					"@executable_path/Frameworks",
					"@loader_path/Frameworks",
				);
				PRODUCT_BUNDLE_IDENTIFIER = myTeam.SmackUITests;
				PRODUCT_NAME = "$(TARGET_NAME)";
				SWIFT_VERSION = 5.0;
				TARGETED_DEVICE_FAMILY = "1,2";
				TEST_TARGET_NAME = Smack;
			};
			name = Debug;
		};
		26819990229601DD00F1668A /* Release */ = {
			isa = XCBuildConfiguration;
			baseConfigurationReference = 004CFC12B100AC6B2710F679 /* Pods-SmackUITests.release.xcconfig */;
			buildSettings = {
				ALWAYS_EMBED_SWIFT_STANDARD_LIBRARIES = YES;
				CODE_SIGN_STYLE = Automatic;
				INFOPLIST_FILE = SmackUITests/Info.plist;
				LD_RUNPATH_SEARCH_PATHS = (
					"$(inherited)",
					"@executable_path/Frameworks",
					"@loader_path/Frameworks",
				);
				PRODUCT_BUNDLE_IDENTIFIER = myTeam.SmackUITests;
				PRODUCT_NAME = "$(TARGET_NAME)";
				SWIFT_VERSION = 5.0;
				TARGETED_DEVICE_FAMILY = "1,2";
				TEST_TARGET_NAME = Smack;
			};
			name = Release;
		};
/* End XCBuildConfiguration section */

/* Begin XCConfigurationList section */
		2681995B229601DB00F1668A /* Build configuration list for PBXProject "Smack-Bridging-Header" */ = {
			isa = XCConfigurationList;
			buildConfigurations = (
				26819986229601DD00F1668A /* Debug */,
				26819987229601DD00F1668A /* Release */,
			);
			defaultConfigurationIsVisible = 0;
			defaultConfigurationName = Release;
		};
		26819988229601DD00F1668A /* Build configuration list for PBXNativeTarget "Smack" */ = {
			isa = XCConfigurationList;
			buildConfigurations = (
				26819989229601DD00F1668A /* Debug */,
				2681998A229601DD00F1668A /* Release */,
			);
			defaultConfigurationIsVisible = 0;
			defaultConfigurationName = Release;
		};
		2681998B229601DD00F1668A /* Build configuration list for PBXNativeTarget "SmackTests" */ = {
			isa = XCConfigurationList;
			buildConfigurations = (
				2681998C229601DD00F1668A /* Debug */,
				2681998D229601DD00F1668A /* Release */,
			);
			defaultConfigurationIsVisible = 0;
			defaultConfigurationName = Release;
		};
		2681998E229601DD00F1668A /* Build configuration list for PBXNativeTarget "SmackUITests" */ = {
			isa = XCConfigurationList;
			buildConfigurations = (
				2681998F229601DD00F1668A /* Debug */,
				26819990229601DD00F1668A /* Release */,
			);
			defaultConfigurationIsVisible = 0;
			defaultConfigurationName = Release;
		};
/* End XCConfigurationList section */
	};
	rootObject = 26819958229601DB00F1668A /* Project object */;
}
